{
  "object": {
    "pins": [
      {
        "package": "SSKit",
        "repositoryURL": "https://github.com/suunc-suunc/SSKit.git",
        "state": {
          "branch": "main",
          "revision": "5d6559cf3ce76a266e4e24f8461a55f50525c734",
          "version": null
        }
      }
    ]
  },
  "version": 1
}
